
Microsoft Visual Studio Solution File, Format Version 12.00
# Visual Studio 15
VisualStudioVersion = 15.0.26124.0
MinimumVisualStudioVersion = 15.0.26124.0
Project("{FAE04EC0-301F-11D3-BF4B-00C04F79EFBC}") = "Common", "Common\Common.csproj", "{202E8615-0FB5-46F2-85FB-2B7905EB0574}"
EndProject
Project("{2150E333-8FDC-42A3-9474-1A3956D46DE8}") = "Test", "Test", "{E3846F04-BD74-46F3-9D13-F78840CFB0C3}"
EndProject
Project("{FAE04EC0-301F-11D3-BF4B-00C04F79EFBC}") = "Common", "Test\Common\CommonTest.csproj", "{013A60B3-A929-43E6-82B1-C8D774DFC736}"
EndProject
Project("{FAE04EC0-301F-11D3-BF4B-00C04F79EFBC}") = "Bidder", "Bidder\Bidder.csproj", "{F47662DE-3FCD-4305-AFD1-438A6883BA69}"
EndProject
Project("{FAE04EC0-301F-11D3-BF4B-00C04F79EFBC}") = "Scoring", "Scoring\Scoring.csproj", "{76A52401-2897-4378-970E-524CD9510FFD}"
EndProject
Project("{FAE04EC0-301F-11D3-BF4B-00C04F79EFBC}") = "Orchestration", "Orchestration\Orchestration.csproj", "{B561B950-9408-4DFB-9776-4D43F96417E8}"
EndProject
Project("{FAE04EC0-301F-11D3-BF4B-00C04F79EFBC}") = "ContentServer", "ContentServer\ContentServer.csproj", "{4C1F976B-D32D-46CF-804A-A0FE54474F0D}"
EndProject
Project("{2150E333-8FDC-42A3-9474-1A3956D46DE8}") = "Samples", "Samples", "{D23C4B6B-7AFB-4CF5-98CB-0A4409DFAA26}"
EndProject
Project("{FAE04EC0-301F-11D3-BF4B-00C04F79EFBC}") = "SimpleExchange", "Samples\SimpleExchange\SimpleExchange.csproj", "{165C5CCB-05C5-47D9-90B3-48D14C5A540A}"
EndProject
Global
	GlobalSection(SolutionConfigurationPlatforms) = preSolution
		Debug|Any CPU = Debug|Any CPU
		Debug|x64 = Debug|x64
		Debug|x86 = Debug|x86
		Release|Any CPU = Release|Any CPU
		Release|x64 = Release|x64
		Release|x86 = Release|x86
	EndGlobalSection
	GlobalSection(SolutionProperties) = preSolution
		HideSolutionNode = FALSE
	EndGlobalSection
	GlobalSection(ProjectConfigurationPlatforms) = postSolution
		{202E8615-0FB5-46F2-85FB-2B7905EB0574}.Debug|Any CPU.ActiveCfg = Debug|Any CPU
		{202E8615-0FB5-46F2-85FB-2B7905EB0574}.Debug|Any CPU.Build.0 = Debug|Any CPU
		{202E8615-0FB5-46F2-85FB-2B7905EB0574}.Debug|x64.ActiveCfg = Debug|Any CPU
		{202E8615-0FB5-46F2-85FB-2B7905EB0574}.Debug|x64.Build.0 = Debug|Any CPU
		{202E8615-0FB5-46F2-85FB-2B7905EB0574}.Debug|x86.ActiveCfg = Debug|Any CPU
		{202E8615-0FB5-46F2-85FB-2B7905EB0574}.Debug|x86.Build.0 = Debug|Any CPU
		{202E8615-0FB5-46F2-85FB-2B7905EB0574}.Release|Any CPU.ActiveCfg = Release|Any CPU
		{202E8615-0FB5-46F2-85FB-2B7905EB0574}.Release|Any CPU.Build.0 = Release|Any CPU
		{202E8615-0FB5-46F2-85FB-2B7905EB0574}.Release|x64.ActiveCfg = Release|Any CPU
		{202E8615-0FB5-46F2-85FB-2B7905EB0574}.Release|x64.Build.0 = Release|Any CPU
		{202E8615-0FB5-46F2-85FB-2B7905EB0574}.Release|x86.ActiveCfg = Release|Any CPU
		{202E8615-0FB5-46F2-85FB-2B7905EB0574}.Release|x86.Build.0 = Release|Any CPU
		{013A60B3-A929-43E6-82B1-C8D774DFC736}.Debug|Any CPU.ActiveCfg = Debug|Any CPU
		{013A60B3-A929-43E6-82B1-C8D774DFC736}.Debug|Any CPU.Build.0 = Debug|Any CPU
		{013A60B3-A929-43E6-82B1-C8D774DFC736}.Debug|x64.ActiveCfg = Debug|Any CPU
		{013A60B3-A929-43E6-82B1-C8D774DFC736}.Debug|x64.Build.0 = Debug|Any CPU
		{013A60B3-A929-43E6-82B1-C8D774DFC736}.Debug|x86.ActiveCfg = Debug|Any CPU
		{013A60B3-A929-43E6-82B1-C8D774DFC736}.Debug|x86.Build.0 = Debug|Any CPU
		{013A60B3-A929-43E6-82B1-C8D774DFC736}.Release|Any CPU.ActiveCfg = Release|Any CPU
		{013A60B3-A929-43E6-82B1-C8D774DFC736}.Release|Any CPU.Build.0 = Release|Any CPU
		{013A60B3-A929-43E6-82B1-C8D774DFC736}.Release|x64.ActiveCfg = Release|Any CPU
		{013A60B3-A929-43E6-82B1-C8D774DFC736}.Release|x64.Build.0 = Release|Any CPU
		{013A60B3-A929-43E6-82B1-C8D774DFC736}.Release|x86.ActiveCfg = Release|Any CPU
		{013A60B3-A929-43E6-82B1-C8D774DFC736}.Release|x86.Build.0 = Release|Any CPU
		{F47662DE-3FCD-4305-AFD1-438A6883BA69}.Debug|Any CPU.ActiveCfg = Debug|Any CPU
		{F47662DE-3FCD-4305-AFD1-438A6883BA69}.Debug|Any CPU.Build.0 = Debug|Any CPU
		{F47662DE-3FCD-4305-AFD1-438A6883BA69}.Debug|x64.ActiveCfg = Debug|Any CPU
		{F47662DE-3FCD-4305-AFD1-438A6883BA69}.Debug|x64.Build.0 = Debug|Any CPU
		{F47662DE-3FCD-4305-AFD1-438A6883BA69}.Debug|x86.ActiveCfg = Debug|Any CPU
		{F47662DE-3FCD-4305-AFD1-438A6883BA69}.Debug|x86.Build.0 = Debug|Any CPU
		{F47662DE-3FCD-4305-AFD1-438A6883BA69}.Release|Any CPU.ActiveCfg = Release|Any CPU
		{F47662DE-3FCD-4305-AFD1-438A6883BA69}.Release|Any CPU.Build.0 = Release|Any CPU
		{F47662DE-3FCD-4305-AFD1-438A6883BA69}.Release|x64.ActiveCfg = Release|Any CPU
		{F47662DE-3FCD-4305-AFD1-438A6883BA69}.Release|x64.Build.0 = Release|Any CPU
		{F47662DE-3FCD-4305-AFD1-438A6883BA69}.Release|x86.ActiveCfg = Release|Any CPU
		{F47662DE-3FCD-4305-AFD1-438A6883BA69}.Release|x86.Build.0 = Release|Any CPU
		{76A52401-2897-4378-970E-524CD9510FFD}.Debug|Any CPU.ActiveCfg = Debug|Any CPU
		{76A52401-2897-4378-970E-524CD9510FFD}.Debug|Any CPU.Build.0 = Debug|Any CPU
		{76A52401-2897-4378-970E-524CD9510FFD}.Debug|x64.ActiveCfg = Debug|Any CPU
		{76A52401-2897-4378-970E-524CD9510FFD}.Debug|x64.Build.0 = Debug|Any CPU
		{76A52401-2897-4378-970E-524CD9510FFD}.Debug|x86.ActiveCfg = Debug|Any CPU
		{76A52401-2897-4378-970E-524CD9510FFD}.Debug|x86.Build.0 = Debug|Any CPU
		{76A52401-2897-4378-970E-524CD9510FFD}.Release|Any CPU.ActiveCfg = Release|Any CPU
		{76A52401-2897-4378-970E-524CD9510FFD}.Release|Any CPU.Build.0 = Release|Any CPU
		{76A52401-2897-4378-970E-524CD9510FFD}.Release|x64.ActiveCfg = Release|Any CPU
		{76A52401-2897-4378-970E-524CD9510FFD}.Release|x64.Build.0 = Release|Any CPU
		{76A52401-2897-4378-970E-524CD9510FFD}.Release|x86.ActiveCfg = Release|Any CPU
		{76A52401-2897-4378-970E-524CD9510FFD}.Release|x86.Build.0 = Release|Any CPU
		{B561B950-9408-4DFB-9776-4D43F96417E8}.Debug|Any CPU.ActiveCfg = Debug|Any CPU
		{B561B950-9408-4DFB-9776-4D43F96417E8}.Debug|Any CPU.Build.0 = Debug|Any CPU
		{B561B950-9408-4DFB-9776-4D43F96417E8}.Debug|x64.ActiveCfg = Debug|Any CPU
		{B561B950-9408-4DFB-9776-4D43F96417E8}.Debug|x64.Build.0 = Debug|Any CPU
		{B561B950-9408-4DFB-9776-4D43F96417E8}.Debug|x86.ActiveCfg = Debug|Any CPU
		{B561B950-9408-4DFB-9776-4D43F96417E8}.Debug|x86.Build.0 = Debug|Any CPU
		{B561B950-9408-4DFB-9776-4D43F96417E8}.Release|Any CPU.ActiveCfg = Release|Any CPU
		{B561B950-9408-4DFB-9776-4D43F96417E8}.Release|Any CPU.Build.0 = Release|Any CPU
		{B561B950-9408-4DFB-9776-4D43F96417E8}.Release|x64.ActiveCfg = Release|Any CPU
		{B561B950-9408-4DFB-9776-4D43F96417E8}.Release|x64.Build.0 = Release|Any CPU
		{B561B950-9408-4DFB-9776-4D43F96417E8}.Release|x86.ActiveCfg = Release|Any CPU
		{B561B950-9408-4DFB-9776-4D43F96417E8}.Release|x86.Build.0 = Release|Any CPU
		{4C1F976B-D32D-46CF-804A-A0FE54474F0D}.Debug|Any CPU.ActiveCfg = Debug|Any CPU
		{4C1F976B-D32D-46CF-804A-A0FE54474F0D}.Debug|Any CPU.Build.0 = Debug|Any CPU
		{4C1F976B-D32D-46CF-804A-A0FE54474F0D}.Debug|x64.ActiveCfg = Debug|Any CPU
		{4C1F976B-D32D-46CF-804A-A0FE54474F0D}.Debug|x64.Build.0 = Debug|Any CPU
		{4C1F976B-D32D-46CF-804A-A0FE54474F0D}.Debug|x86.ActiveCfg = Debug|Any CPU
		{4C1F976B-D32D-46CF-804A-A0FE54474F0D}.Debug|x86.Build.0 = Debug|Any CPU
		{4C1F976B-D32D-46CF-804A-A0FE54474F0D}.Release|Any CPU.ActiveCfg = Release|Any CPU
		{4C1F976B-D32D-46CF-804A-A0FE54474F0D}.Release|Any CPU.Build.0 = Release|Any CPU
		{4C1F976B-D32D-46CF-804A-A0FE54474F0D}.Release|x64.ActiveCfg = Release|Any CPU
		{4C1F976B-D32D-46CF-804A-A0FE54474F0D}.Release|x64.Build.0 = Release|Any CPU
		{4C1F976B-D32D-46CF-804A-A0FE54474F0D}.Release|x86.ActiveCfg = Release|Any CPU
		{4C1F976B-D32D-46CF-804A-A0FE54474F0D}.Release|x86.Build.0 = Release|Any CPU
		{165C5CCB-05C5-47D9-90B3-48D14C5A540A}.Debug|Any CPU.ActiveCfg = Debug|Any CPU
		{165C5CCB-05C5-47D9-90B3-48D14C5A540A}.Debug|Any CPU.Build.0 = Debug|Any CPU
		{165C5CCB-05C5-47D9-90B3-48D14C5A540A}.Debug|x64.ActiveCfg = Debug|Any CPU
		{165C5CCB-05C5-47D9-90B3-48D14C5A540A}.Debug|x64.Build.0 = Debug|Any CPU
		{165C5CCB-05C5-47D9-90B3-48D14C5A540A}.Debug|x86.ActiveCfg = Debug|Any CPU
		{165C5CCB-05C5-47D9-90B3-48D14C5A540A}.Debug|x86.Build.0 = Debug|Any CPU
		{165C5CCB-05C5-47D9-90B3-48D14C5A540A}.Release|Any CPU.ActiveCfg = Release|Any CPU
		{165C5CCB-05C5-47D9-90B3-48D14C5A540A}.Release|Any CPU.Build.0 = Release|Any CPU
		{165C5CCB-05C5-47D9-90B3-48D14C5A540A}.Release|x64.ActiveCfg = Release|Any CPU
		{165C5CCB-05C5-47D9-90B3-48D14C5A540A}.Release|x64.Build.0 = Release|Any CPU
		{165C5CCB-05C5-47D9-90B3-48D14C5A540A}.Release|x86.ActiveCfg = Release|Any CPU
		{165C5CCB-05C5-47D9-90B3-48D14C5A540A}.Release|x86.Build.0 = Release|Any CPU
	EndGlobalSection
	GlobalSection(NestedProjects) = preSolution
		{013A60B3-A929-43E6-82B1-C8D774DFC736} = {E3846F04-BD74-46F3-9D13-F78840CFB0C3}
		{165C5CCB-05C5-47D9-90B3-48D14C5A540A} = {D23C4B6B-7AFB-4CF5-98CB-0A4409DFAA26}
	EndGlobalSection
EndGlobal
